
Microsoft Visual Studio Solution File, Format Version 12.00
# Visual Studio Version 17
VisualStudioVersion = 17.5.002.0
MinimumVisualStudioVersion = 10.0.40219.1
Project("{9A19103F-16F7-4668-BE54-9A1E7A4F7556}") = "DesafioProjetoHospedagem", "DesafioProjetoHospedagem.csproj", "{AFE99A96-FDF0-402B-801B-60F256A43EDA}"
EndProject
Global
	GlobalSection(SolutionConfigurationPlatforms) = preSolution
		Debug|Any CPU = Debug|Any CPU
		Release|Any CPU = Release|Any CPU
	EndGlobalSection
	GlobalSection(ProjectConfigurationPlatforms) = postSolution
		{AFE99A96-FDF0-402B-801B-60F256A43EDA}.Debug|Any CPU.ActiveCfg = Debug|Any CPU
		{AFE99A96-FDF0-402B-801B-60F256A43EDA}.Debug|Any CPU.Build.0 = Debug|Any CPU
		{AFE99A96-FDF0-402B-801B-60F256A43EDA}.Release|Any CPU.ActiveCfg = Release|Any CPU
		{AFE99A96-FDF0-402B-801B-60F256A43EDA}.Release|Any CPU.Build.0 = Release|Any CPU
	EndGlobalSection
	GlobalSection(SolutionProperties) = preSolution
		HideSolutionNode = FALSE
	EndGlobalSection
	GlobalSection(ExtensibilityGlobals) = postSolution
		SolutionGuid = {1975541B-9EE9-4614-87FA-08E4B00C4E3E}
	EndGlobalSection
EndGlobal
